{
	"name": "csslink",
	"version": "0.0.5",
	"lockfileVersion": 1,
	"requires": true,
	"dependencies": {
		"@types/mocha": {
			"version": "2.2.48",
			"resolved": "https://registry.npmjs.org/@types/mocha/-/mocha-2.2.48.tgz",
			"integrity": "sha512-nlK/iyETgafGli8Zh9zJVCTicvU3iajSkRwOh3Hhiva598CMqNJ4NcVCGMTGKpGpTYj/9R8RLzS9NAykSSCqGw==",
			"dev": true
		},
		"@types/node": {
			"version": "6.0.104",
			"resolved": "https://registry.npmjs.org/@types/node/-/node-6.0.104.tgz",
			"integrity": "sha512-xPuI3Yeyc3u5SY7aFu6ILTJHFXo820DSfqNqYi1gxPmbpul+vLSfo3vhrY80d0+SdOYR9KdXHg6ozx4i/02LCg==",
			"dev": true
		},
		"typescript": {
			"version": "2.8.1",
			"resolved": "https://registry.npmjs.org/typescript/-/typescript-2.8.1.tgz",
			"integrity": "sha512-Ao/f6d/4EPLq0YwzsQz8iXflezpTkQzqAyenTiw4kCUGr1uPiFLC3+fZ+gMZz6eeI/qdRUqvC+HxIJzUAzEFdg==",
			"dev": true
		}
	}
}
