{
  "name": "csslint-languageserver",
  "version": "0.0.1",
  "lockfileVersion": 1,
  "requires": true,
  "dependencies": {
    "clone": {
      "version": "2.1.1",
      "resolved": "https://registry.npmjs.org/clone/-/clone-2.1.1.tgz",
      "integrity": "sha1-0hfR6WERjjrJpLi7oyhVU79kfNs="
    },
    "csslint": {
      "version": "1.0.5",
      "resolved": "https://registry.npmjs.org/csslint/-/csslint-1.0.5.tgz",
      "integrity": "sha1-Gcw+2jIhYP0/cjKvHLKjYOiYouk=",
      "requires": {
        "clone": "2.1.1",
        "parserlib": "1.1.1"
      }
    },
    "parserlib": {
      "version": "1.1.1",
      "resolved": "https://registry.npmjs.org/parserlib/-/parserlib-1.1.1.tgz",
      "integrity": "sha1-pkz6ckBiQ0/fw1HJpOwtkrlMBvQ="
    },
    "vscode-jsonrpc": {
      "version": "3.5.0",
      "resolved": "https://registry.npmjs.org/vscode-jsonrpc/-/vscode-jsonrpc-3.5.0.tgz",
      "integrity": "sha1-hyOdnhZrLXNSJFuKgTWXgEwdY6o="
    },
    "vscode-languageserver": {
      "version": "3.5.1",
      "resolved": "https://registry.npmjs.org/vscode-languageserver/-/vscode-languageserver-3.5.1.tgz",
      "integrity": "sha512-RYUKn0DgHTFcS8kS4VaNCjNMaQXYqiXdN9bKrFjXzu5RPKfjIYcoh47oVWwZj4L3R/DPB0Se7HPaDatvYY2XgQ==",
      "requires": {
        "vscode-languageserver-protocol": "3.5.1",
        "vscode-uri": "1.0.3"
      }
    },
    "vscode-languageserver-protocol": {
      "version": "3.5.1",
      "resolved": "https://registry.npmjs.org/vscode-languageserver-protocol/-/vscode-languageserver-protocol-3.5.1.tgz",
      "integrity": "sha512-1fPDIwsAv1difCV+8daOrJEGunClNJWqnUHq/ncWrjhitKWXgGmRCjlwZ3gDUTt54yRcvXz1PXJDaRNvNH6pYA==",
      "requires": {
        "vscode-jsonrpc": "3.5.0",
        "vscode-languageserver-types": "3.5.0"
      }
    },
    "vscode-languageserver-types": {
      "version": "3.5.0",
      "resolved": "https://registry.npmjs.org/vscode-languageserver-types/-/vscode-languageserver-types-3.5.0.tgz",
      "integrity": "sha1-5I15li8LjgLelV4/UkkI4rGcA3Q="
    },
    "vscode-uri": {
      "version": "1.0.3",
      "resolved": "https://registry.npmjs.org/vscode-uri/-/vscode-uri-1.0.3.tgz",
      "integrity": "sha1-Yxvb9xbcyrDmUpGo3CXCMjIIWlI="
    }
  }
}
